
Microsoft Visual Studio Solution File, Format Version 12.00
# Visual Studio 15
VisualStudioVersion = 15.0.28307.1300
MinimumVisualStudioVersion = 10.0.40219.1
Project("{8BC9CEB8-8B4A-11D0-8D11-00A0C91BC942}") = "D3DX_11", "D3DX_11\D3DX_11.vcxproj", "{72431590-8CA4-438A-97AB-B30224FD8BFC}"
EndProject
Global
	GlobalSection(SolutionConfigurationPlatforms) = preSolution
		Debug|x64 = Debug|x64
		Release|x64 = Release|x64
	EndGlobalSection
	GlobalSection(ProjectConfigurationPlatforms) = postSolution
		{72431590-8CA4-438A-97AB-B30224FD8BFC}.Debug|x64.ActiveCfg = Debug|x64
		{72431590-8CA4-438A-97AB-B30224FD8BFC}.Debug|x64.Build.0 = Debug|x64
		{72431590-8CA4-438A-97AB-B30224FD8BFC}.Release|x64.ActiveCfg = Release|x64
		{72431590-8CA4-438A-97AB-B30224FD8BFC}.Release|x64.Build.0 = Release|x64
	EndGlobalSection
	GlobalSection(SolutionProperties) = preSolution
		HideSolutionNode = FALSE
	EndGlobalSection
	GlobalSection(ExtensibilityGlobals) = postSolution
		SolutionGuid = {D593FC11-B203-45C0-9518-62D921C7F146}
	EndGlobalSection
EndGlobal
